
Microsoft Visual Studio Solution File, Format Version 12.00
# Visual Studio Version 17
VisualStudioVersion = 17.8.34511.84
MinimumVisualStudioVersion = 10.0.40219.1
Project("{FAE04EC0-301F-11D3-BF4B-00C04F79EFBC}") = "Ex01_01", "Ex01_01\Ex01_01.csproj", "{DCE35DB3-ED78-412E-B53A-3947839CE619}"
EndProject
Project("{FAE04EC0-301F-11D3-BF4B-00C04F79EFBC}") = "Ex01_02", "Ex01_02\Ex01_02.csproj", "{3E8C7AC6-723F-49EE-8161-FF1970372947}"
EndProject
Project("{FAE04EC0-301F-11D3-BF4B-00C04F79EFBC}") = "Ex01_03", "Ex01_03\Ex01_03.csproj", "{537233F8-CE14-458B-8CBA-17981B9E2146}"
EndProject
Project("{FAE04EC0-301F-11D3-BF4B-00C04F79EFBC}") = "Ex01_04", "Ex01_04\Ex01_04.csproj", "{E4A4648D-F014-42AC-AEA7-32800DA14889}"
EndProject
Project("{FAE04EC0-301F-11D3-BF4B-00C04F79EFBC}") = "Ex01_05", "Ex01_05\Ex01_05.csproj", "{5643873F-3D8A-43FC-BA5C-49C4E0B28933}"
EndProject
Global
	GlobalSection(SolutionConfigurationPlatforms) = preSolution
		Debug|Any CPU = Debug|Any CPU
		Release|Any CPU = Release|Any CPU
	EndGlobalSection
	GlobalSection(ProjectConfigurationPlatforms) = postSolution
		{DCE35DB3-ED78-412E-B53A-3947839CE619}.Debug|Any CPU.ActiveCfg = Debug|Any CPU
		{DCE35DB3-ED78-412E-B53A-3947839CE619}.Debug|Any CPU.Build.0 = Debug|Any CPU
		{DCE35DB3-ED78-412E-B53A-3947839CE619}.Release|Any CPU.ActiveCfg = Release|Any CPU
		{DCE35DB3-ED78-412E-B53A-3947839CE619}.Release|Any CPU.Build.0 = Release|Any CPU
		{3E8C7AC6-723F-49EE-8161-FF1970372947}.Debug|Any CPU.ActiveCfg = Debug|Any CPU
		{3E8C7AC6-723F-49EE-8161-FF1970372947}.Debug|Any CPU.Build.0 = Debug|Any CPU
		{3E8C7AC6-723F-49EE-8161-FF1970372947}.Release|Any CPU.ActiveCfg = Release|Any CPU
		{3E8C7AC6-723F-49EE-8161-FF1970372947}.Release|Any CPU.Build.0 = Release|Any CPU
		{537233F8-CE14-458B-8CBA-17981B9E2146}.Debug|Any CPU.ActiveCfg = Debug|Any CPU
		{537233F8-CE14-458B-8CBA-17981B9E2146}.Debug|Any CPU.Build.0 = Debug|Any CPU
		{537233F8-CE14-458B-8CBA-17981B9E2146}.Release|Any CPU.ActiveCfg = Release|Any CPU
		{537233F8-CE14-458B-8CBA-17981B9E2146}.Release|Any CPU.Build.0 = Release|Any CPU
		{E4A4648D-F014-42AC-AEA7-32800DA14889}.Debug|Any CPU.ActiveCfg = Debug|Any CPU
		{E4A4648D-F014-42AC-AEA7-32800DA14889}.Debug|Any CPU.Build.0 = Debug|Any CPU
		{E4A4648D-F014-42AC-AEA7-32800DA14889}.Release|Any CPU.ActiveCfg = Release|Any CPU
		{E4A4648D-F014-42AC-AEA7-32800DA14889}.Release|Any CPU.Build.0 = Release|Any CPU
		{5643873F-3D8A-43FC-BA5C-49C4E0B28933}.Debug|Any CPU.ActiveCfg = Debug|Any CPU
		{5643873F-3D8A-43FC-BA5C-49C4E0B28933}.Debug|Any CPU.Build.0 = Debug|Any CPU
		{5643873F-3D8A-43FC-BA5C-49C4E0B28933}.Release|Any CPU.ActiveCfg = Release|Any CPU
		{5643873F-3D8A-43FC-BA5C-49C4E0B28933}.Release|Any CPU.Build.0 = Release|Any CPU
	EndGlobalSection
	GlobalSection(SolutionProperties) = preSolution
		HideSolutionNode = FALSE
	EndGlobalSection
	GlobalSection(ExtensibilityGlobals) = postSolution
		SolutionGuid = {EA5D3971-46E2-4158-92CE-0818D8E7CF15}
	EndGlobalSection
EndGlobal
